// !$*UTF8*$!
{
	archiveVersion = 1;
	classes = {
	};
	objectVersion = 55;
	objects = {

/* Begin PBXBuildFile section */
		F43CDA2C2719A681005947DC /* NativeUIKit in Frameworks */ = {isa = PBXBuildFile; productRef = F43CDA2B2719A681005947DC /* NativeUIKit */; };
		F43EFCD827186FEA0084C460 /* AppDelegate.swift in Sources */ = {isa = PBXBuildFile; fileRef = F43EFCD727186FEA0084C460 /* AppDelegate.swift */; };
		F43EFCDC27186FEA0084C460 /* ViewController.swift in Sources */ = {isa = PBXBuildFile; fileRef = F43EFCDB27186FEA0084C460 /* ViewController.swift */; };
		F43EFCE427186FEC0084C460 /* LaunchScreen.storyboard in Resources */ = {isa = PBXBuildFile; fileRef = F43EFCE227186FEC0084C460 /* LaunchScreen.storyboard */; };
		F43EFCEF271872A60084C460 /* Media.xcassets in Resources */ = {isa = PBXBuildFile; fileRef = F43EFCEE271872A60084C460 /* Media.xcassets */; };
		F43EFCF3271873A00084C460 /* SPPageController in Frameworks */ = {isa = PBXBuildFile; productRef = F43EFCF2271873A00084C460 /* SPPageController */; };
		F43EFCF6271873B30084C460 /* SparrowKit in Frameworks */ = {isa = PBXBuildFile; productRef = F43EFCF5271873B30084C460 /* SparrowKit */; };
/* End PBXBuildFile section */

/* Begin PBXFileReference section */
		F43EFCD427186FEA0084C460 /* iOS Example.app */ = {isa = PBXFileReference; explicitFileType = wrapper.application; includeInIndex = 0; path = "iOS Example.app"; sourceTree = BUILT_PRODUCTS_DIR; };
		F43EFCD727186FEA0084C460 /* AppDelegate.swift */ = {isa = PBXFileReference; lastKnownFileType = sourcecode.swift; path = AppDelegate.swift; sourceTree = "<group>"; };
		F43EFCDB27186FEA0084C460 /* ViewController.swift */ = {isa = PBXFileReference; lastKnownFileType = sourcecode.swift; path = ViewController.swift; sourceTree = "<group>"; };
		F43EFCE327186FEC0084C460 /* Base */ = {isa = PBXFileReference; lastKnownFileType = file.storyboard; name = Base; path = Base.lproj/LaunchScreen.storyboard; sourceTree = "<group>"; };
		F43EFCE527186FEC0084C460 /* Info.plist */ = {isa = PBXFileReference; lastKnownFileType = text.plist.xml; path = Info.plist; sourceTree = "<group>"; };
		F43EFCEE271872A60084C460 /* Media.xcassets */ = {isa = PBXFileReference; lastKnownFileType = folder.assetcatalog; path = Media.xcassets; sourceTree = "<group>"; };
		F43EFCF0271872C20084C460 /* SPPageController */ = {isa = PBXFileReference; lastKnownFileType = folder; name = SPPageController; path = ..; sourceTree = "<group>"; };
/* End PBXFileReference section */

/* Begin PBXFrameworksBuildPhase section */
		F43EFCD127186FEA0084C460 /* Frameworks */ = {
			isa = PBXFrameworksBuildPhase;
			buildActionMask = 2147483647;
			files = (
				F43EFCF6271873B30084C460 /* SparrowKit in Frameworks */,
				F43EFCF3271873A00084C460 /* SPPageController in Frameworks */,
				F43CDA2C2719A681005947DC /* NativeUIKit in Frameworks */,
			);
			runOnlyForDeploymentPostprocessing = 0;
		};
/* End PBXFrameworksBuildPhase section */

/* Begin PBXGroup section */
		F43EFCCB27186FEA0084C460 = {
			isa = PBXGroup;
			children = (
				F43EFCF0271872C20084C460 /* SPPageController */,
				F43EFCD627186FEA0084C460 /* iOS Example */,
				F43EFCD527186FEA0084C460 /* Products */,
				F43EFCF1271873A00084C460 /* Frameworks */,
			);
			sourceTree = "<group>";
		};
		F43EFCD527186FEA0084C460 /* Products */ = {
			isa = PBXGroup;
			children = (
				F43EFCD427186FEA0084C460 /* iOS Example.app */,
			);
			name = Products;
			sourceTree = "<group>";
		};
		F43EFCD627186FEA0084C460 /* iOS Example */ = {
			isa = PBXGroup;
			children = (
				F43EFCEB2718726F0084C460 /* App */,
				F43EFCEC271872730084C460 /* Controllers */,
			);
			path = "iOS Example";
			sourceTree = "<group>";
		};
		F43EFCEB2718726F0084C460 /* App */ = {
			isa = PBXGroup;
			children = (
				F43EFCE227186FEC0084C460 /* LaunchScreen.storyboard */,
				F43EFCD727186FEA0084C460 /* AppDelegate.swift */,
				F43EFCEE271872A60084C460 /* Media.xcassets */,
				F43EFCE527186FEC0084C460 /* Info.plist */,
			);
			path = App;
			sourceTree = "<group>";
		};
		F43EFCEC271872730084C460 /* Controllers */ = {
			isa = PBXGroup;
			children = (
				F43EFCDB27186FEA0084C460 /* ViewController.swift */,
			);
			path = Controllers;
			sourceTree = "<group>";
		};
		F43EFCF1271873A00084C460 /* Frameworks */ = {
			isa = PBXGroup;
			children = (
			);
			name = Frameworks;
			sourceTree = "<group>";
		};
/* End PBXGroup section */

/* Begin PBXNativeTarget section */
		F43EFCD327186FEA0084C460 /* iOS Example */ = {
			isa = PBXNativeTarget;
			buildConfigurationList = F43EFCE827186FEC0084C460 /* Build configuration list for PBXNativeTarget "iOS Example" */;
			buildPhases = (
				F43EFCD027186FEA0084C460 /* Sources */,
				F43EFCD127186FEA0084C460 /* Frameworks */,
				F43EFCD227186FEA0084C460 /* Resources */,
			);
			buildRules = (
			);
			dependencies = (
			);
			name = "iOS Example";
			packageProductDependencies = (
				F43EFCF2271873A00084C460 /* SPPageController */,
				F43EFCF5271873B30084C460 /* SparrowKit */,
				F43CDA2B2719A681005947DC /* NativeUIKit */,
			);
			productName = SPPageController;
			productReference = F43EFCD427186FEA0084C460 /* iOS Example.app */;
			productType = "com.apple.product-type.application";
		};
/* End PBXNativeTarget section */

/* Begin PBXProject section */
		F43EFCCC27186FEA0084C460 /* Project object */ = {
			isa = PBXProject;
			attributes = {
				BuildIndependentTargetsInParallel = 1;
				LastSwiftUpdateCheck = 1300;
				LastUpgradeCheck = 1300;
				TargetAttributes = {
					F43EFCD327186FEA0084C460 = {
						CreatedOnToolsVersion = 13.0;
					};
				};
			};
			buildConfigurationList = F43EFCCF27186FEA0084C460 /* Build configuration list for PBXProject "SPPageController" */;
			compatibilityVersion = "Xcode 13.0";
			developmentRegion = en;
			hasScannedForEncodings = 0;
			knownRegions = (
				en,
				Base,
			);
			mainGroup = F43EFCCB27186FEA0084C460;
			packageReferences = (
				F43EFCF4271873B30084C460 /* XCRemoteSwiftPackageReference "SparrowKit" */,
				F43CDA2A2719A681005947DC /* XCRemoteSwiftPackageReference "NativeUIKit" */,
			);
			productRefGroup = F43EFCD527186FEA0084C460 /* Products */;
			projectDirPath = "";
			projectRoot = "";
			targets = (
				F43EFCD327186FEA0084C460 /* iOS Example */,
			);
		};
/* End PBXProject section */

/* Begin PBXResourcesBuildPhase section */
		F43EFCD227186FEA0084C460 /* Resources */ = {
			isa = PBXResourcesBuildPhase;
			buildActionMask = 2147483647;
			files = (
				F43EFCE427186FEC0084C460 /* LaunchScreen.storyboard in Resources */,
				F43EFCEF271872A60084C460 /* Media.xcassets in Resources */,
			);
			runOnlyForDeploymentPostprocessing = 0;
		};
/* End PBXResourcesBuildPhase section */

/* Begin PBXSourcesBuildPhase section */
		F43EFCD027186FEA0084C460 /* Sources */ = {
			isa = PBXSourcesBuildPhase;
			buildActionMask = 2147483647;
			files = (
				F43EFCDC27186FEA0084C460 /* ViewController.swift in Sources */,
				F43EFCD827186FEA0084C460 /* AppDelegate.swift in Sources */,
			);
			runOnlyForDeploymentPostprocessing = 0;
		};
/* End PBXSourcesBuildPhase section */

/* Begin PBXVariantGroup section */
		F43EFCE227186FEC0084C460 /* LaunchScreen.storyboard */ = {
			isa = PBXVariantGroup;
			children = (
				F43EFCE327186FEC0084C460 /* Base */,
			);
			name = LaunchScreen.storyboard;
			sourceTree = "<group>";
		};
/* End PBXVariantGroup section */

/* Begin XCBuildConfiguration section */
		F43EFCE627186FEC0084C460 /* Debug */ = {
			isa = XCBuildConfiguration;
			buildSettings = {
				ALWAYS_SEARCH_USER_PATHS = NO;
				CLANG_ANALYZER_NONNULL = YES;
				CLANG_ANALYZER_NUMBER_OBJECT_CONVERSION = YES_AGGRESSIVE;
				CLANG_CXX_LANGUAGE_STANDARD = "gnu++17";
				CLANG_CXX_LIBRARY = "libc++";
				CLANG_ENABLE_MODULES = YES;
				CLANG_ENABLE_OBJC_ARC = YES;
				CLANG_ENABLE_OBJC_WEAK = YES;
				CLANG_WARN_BLOCK_CAPTURE_AUTORELEASING = YES;
				CLANG_WARN_BOOL_CONVERSION = YES;
				CLANG_WARN_COMMA = YES;
				CLANG_WARN_CONSTANT_CONVERSION = YES;
				CLANG_WARN_DEPRECATED_OBJC_IMPLEMENTATIONS = YES;
				CLANG_WARN_DIRECT_OBJC_ISA_USAGE = YES_ERROR;
				CLANG_WARN_DOCUMENTATION_COMMENTS = YES;
				CLANG_WARN_EMPTY_BODY = YES;
				CLANG_WARN_ENUM_CONVERSION = YES;
				CLANG_WARN_INFINITE_RECURSION = YES;
				CLANG_WARN_INT_CONVERSION = YES;
				CLANG_WARN_NON_LITERAL_NULL_CONVERSION = YES;
				CLANG_WARN_OBJC_IMPLICIT_RETAIN_SELF = YES;
				CLANG_WARN_OBJC_LITERAL_CONVERSION = YES;
				CLANG_WARN_OBJC_ROOT_CLASS = YES_ERROR;
				CLANG_WARN_QUOTED_INCLUDE_IN_FRAMEWORK_HEADER = YES;
				CLANG_WARN_RANGE_LOOP_ANALYSIS = YES;
				CLANG_WARN_STRICT_PROTOTYPES = YES;
				CLANG_WARN_SUSPICIOUS_MOVE = YES;
				CLANG_WARN_UNGUARDED_AVAILABILITY = YES_AGGRESSIVE;
				CLANG_WARN_UNREACHABLE_CODE = YES;
				CLANG_WARN__DUPLICATE_METHOD_MATCH = YES;
				COPY_PHASE_STRIP = NO;
				DEBUG_INFORMATION_FORMAT = dwarf;
				ENABLE_STRICT_OBJC_MSGSEND = YES;
				ENABLE_TESTABILITY = YES;
				GCC_C_LANGUAGE_STANDARD = gnu11;
				GCC_DYNAMIC_NO_PIC = NO;
				GCC_NO_COMMON_BLOCKS = YES;
				GCC_OPTIMIZATION_LEVEL = 0;
				GCC_PREPROCESSOR_DEFINITIONS = (
					"DEBUG=1",
					"$(inherited)",
				);
				GCC_WARN_64_TO_32_BIT_CONVERSION = YES;
				GCC_WARN_ABOUT_RETURN_TYPE = YES_ERROR;
				GCC_WARN_UNDECLARED_SELECTOR = YES;
				GCC_WARN_UNINITIALIZED_AUTOS = YES_AGGRESSIVE;
				GCC_WARN_UNUSED_FUNCTION = YES;
				GCC_WARN_UNUSED_VARIABLE = YES;
				IPHONEOS_DEPLOYMENT_TARGET = 15.0;
				MTL_ENABLE_DEBUG_INFO = INCLUDE_SOURCE;
				MTL_FAST_MATH = YES;
				ONLY_ACTIVE_ARCH = YES;
				SDKROOT = iphoneos;
				SWIFT_ACTIVE_COMPILATION_CONDITIONS = DEBUG;
				SWIFT_OPTIMIZATION_LEVEL = "-Onone";
			};
			name = Debug;
		};
		F43EFCE727186FEC0084C460 /* Release */ = {
			isa = XCBuildConfiguration;
			buildSettings = {
				ALWAYS_SEARCH_USER_PATHS = NO;
				CLANG_ANALYZER_NONNULL = YES;
				CLANG_ANALYZER_NUMBER_OBJECT_CONVERSION = YES_AGGRESSIVE;
				CLANG_CXX_LANGUAGE_STANDARD = "gnu++17";
				CLANG_CXX_LIBRARY = "libc++";
				CLANG_ENABLE_MODULES = YES;
				CLANG_ENABLE_OBJC_ARC = YES;
				CLANG_ENABLE_OBJC_WEAK = YES;
				CLANG_WARN_BLOCK_CAPTURE_AUTORELEASING = YES;
				CLANG_WARN_BOOL_CONVERSION = YES;
				CLANG_WARN_COMMA = YES;
				CLANG_WARN_CONSTANT_CONVERSION = YES;
				CLANG_WARN_DEPRECATED_OBJC_IMPLEMENTATIONS = YES;
				CLANG_WARN_DIRECT_OBJC_ISA_USAGE = YES_ERROR;
				CLANG_WARN_DOCUMENTATION_COMMENTS = YES;
				CLANG_WARN_EMPTY_BODY = YES;
				CLANG_WARN_ENUM_CONVERSION = YES;
				CLANG_WARN_INFINITE_RECURSION = YES;
				CLANG_WARN_INT_CONVERSION = YES;
				CLANG_WARN_NON_LITERAL_NULL_CONVERSION = YES;
				CLANG_WARN_OBJC_IMPLICIT_RETAIN_SELF = YES;
				CLANG_WARN_OBJC_LITERAL_CONVERSION = YES;
				CLANG_WARN_OBJC_ROOT_CLASS = YES_ERROR;
				CLANG_WARN_QUOTED_INCLUDE_IN_FRAMEWORK_HEADER = YES;
				CLANG_WARN_RANGE_LOOP_ANALYSIS = YES;
				CLANG_WARN_STRICT_PROTOTYPES = YES;
				CLANG_WARN_SUSPICIOUS_MOVE = YES;
				CLANG_WARN_UNGUARDED_AVAILABILITY = YES_AGGRESSIVE;
				CLANG_WARN_UNREACHABLE_CODE = YES;
				CLANG_WARN__DUPLICATE_METHOD_MATCH = YES;
				COPY_PHASE_STRIP = NO;
				DEBUG_INFORMATION_FORMAT = "dwarf-with-dsym";
				ENABLE_NS_ASSERTIONS = NO;
				ENABLE_STRICT_OBJC_MSGSEND = YES;
				GCC_C_LANGUAGE_STANDARD = gnu11;
				GCC_NO_COMMON_BLOCKS = YES;
				GCC_WARN_64_TO_32_BIT_CONVERSION = YES;
				GCC_WARN_ABOUT_RETURN_TYPE = YES_ERROR;
				GCC_WARN_UNDECLARED_SELECTOR = YES;
				GCC_WARN_UNINITIALIZED_AUTOS = YES_AGGRESSIVE;
				GCC_WARN_UNUSED_FUNCTION = YES;
				GCC_WARN_UNUSED_VARIABLE = YES;
				IPHONEOS_DEPLOYMENT_TARGET = 15.0;
				MTL_ENABLE_DEBUG_INFO = NO;
				MTL_FAST_MATH = YES;
				SDKROOT = iphoneos;
				SWIFT_COMPILATION_MODE = wholemodule;
				SWIFT_OPTIMIZATION_LEVEL = "-O";
				VALIDATE_PRODUCT = YES;
			};
			name = Release;
		};
		F43EFCE927186FEC0084C460 /* Debug */ = {
			isa = XCBuildConfiguration;
			buildSettings = {
				ASSETCATALOG_COMPILER_APPICON_NAME = AppIcon;
				ASSETCATALOG_COMPILER_GLOBAL_ACCENT_COLOR_NAME = "";
				CODE_SIGN_STYLE = Automatic;
				CURRENT_PROJECT_VERSION = 1;
				DEVELOPMENT_TEAM = 5KKK9SKF79;
				GENERATE_INFOPLIST_FILE = YES;
				INFOPLIST_FILE = "iOS Example/App/Info.plist";
				INFOPLIST_KEY_UIApplicationSupportsIndirectInputEvents = YES;
				INFOPLIST_KEY_UILaunchStoryboardName = LaunchScreen;
				INFOPLIST_KEY_UISupportedInterfaceOrientations_iPad = "UIInterfaceOrientationPortrait UIInterfaceOrientationPortraitUpsideDown UIInterfaceOrientationLandscapeLeft UIInterfaceOrientationLandscapeRight";
				INFOPLIST_KEY_UISupportedInterfaceOrientations_iPhone = "UIInterfaceOrientationPortrait UIInterfaceOrientationLandscapeLeft UIInterfaceOrientationLandscapeRight";
				IPHONEOS_DEPLOYMENT_TARGET = 12.0;
				LD_RUNPATH_SEARCH_PATHS = (
					"$(inherited)",
					"@executable_path/Frameworks",
				);
				MARKETING_VERSION = 1.0;
				PRODUCT_BUNDLE_IDENTIFIER = by.ivanvorobei.opensource.sppagecontroller;
				PRODUCT_NAME = "$(TARGET_NAME)";
				SWIFT_EMIT_LOC_STRINGS = YES;
				SWIFT_VERSION = 5.0;
				TARGETED_DEVICE_FAMILY = "1,2";
			};
			name = Debug;
		};
		F43EFCEA27186FEC0084C460 /* Release */ = {
			isa = XCBuildConfiguration;
			buildSettings = {
				ASSETCATALOG_COMPILER_APPICON_NAME = AppIcon;
				ASSETCATALOG_COMPILER_GLOBAL_ACCENT_COLOR_NAME = "";
				CODE_SIGN_STYLE = Automatic;
				CURRENT_PROJECT_VERSION = 1;
				DEVELOPMENT_TEAM = 5KKK9SKF79;
				GENERATE_INFOPLIST_FILE = YES;
				INFOPLIST_FILE = "iOS Example/App/Info.plist";
				INFOPLIST_KEY_UIApplicationSupportsIndirectInputEvents = YES;
				INFOPLIST_KEY_UILaunchStoryboardName = LaunchScreen;
				INFOPLIST_KEY_UISupportedInterfaceOrientations_iPad = "UIInterfaceOrientationPortrait UIInterfaceOrientationPortraitUpsideDown UIInterfaceOrientationLandscapeLeft UIInterfaceOrientationLandscapeRight";
				INFOPLIST_KEY_UISupportedInterfaceOrientations_iPhone = "UIInterfaceOrientationPortrait UIInterfaceOrientationLandscapeLeft UIInterfaceOrientationLandscapeRight";
				IPHONEOS_DEPLOYMENT_TARGET = 12.0;
				LD_RUNPATH_SEARCH_PATHS = (
					"$(inherited)",
					"@executable_path/Frameworks",
				);
				MARKETING_VERSION = 1.0;
				PRODUCT_BUNDLE_IDENTIFIER = by.ivanvorobei.opensource.sppagecontroller;
				PRODUCT_NAME = "$(TARGET_NAME)";
				SWIFT_EMIT_LOC_STRINGS = YES;
				SWIFT_VERSION = 5.0;
				TARGETED_DEVICE_FAMILY = "1,2";
			};
			name = Release;
		};
/* End XCBuildConfiguration section */

/* Begin XCConfigurationList section */
		F43EFCCF27186FEA0084C460 /* Build configuration list for PBXProject "SPPageController" */ = {
			isa = XCConfigurationList;
			buildConfigurations = (
				F43EFCE627186FEC0084C460 /* Debug */,
				F43EFCE727186FEC0084C460 /* Release */,
			);
			defaultConfigurationIsVisible = 0;
			defaultConfigurationName = Release;
		};
		F43EFCE827186FEC0084C460 /* Build configuration list for PBXNativeTarget "iOS Example" */ = {
			isa = XCConfigurationList;
			buildConfigurations = (
				F43EFCE927186FEC0084C460 /* Debug */,
				F43EFCEA27186FEC0084C460 /* Release */,
			);
			defaultConfigurationIsVisible = 0;
			defaultConfigurationName = Release;
		};
/* End XCConfigurationList section */

/* Begin XCRemoteSwiftPackageReference section */
		F43CDA2A2719A681005947DC /* XCRemoteSwiftPackageReference "NativeUIKit" */ = {
			isa = XCRemoteSwiftPackageReference;
			repositoryURL = "https://github.com/ivanvorobei/NativeUIKit";
			requirement = {
				kind = upToNextMajorVersion;
				minimumVersion = 1.1.9;
			};
		};
		F43EFCF4271873B30084C460 /* XCRemoteSwiftPackageReference "SparrowKit" */ = {
			isa = XCRemoteSwiftPackageReference;
			repositoryURL = "https://github.com/ivanvorobei/SparrowKit";
			requirement = {
				kind = upToNextMajorVersion;
				minimumVersion = 3.4.6;
			};
		};
/* End XCRemoteSwiftPackageReference section */

/* Begin XCSwiftPackageProductDependency section */
		F43CDA2B2719A681005947DC /* NativeUIKit */ = {
			isa = XCSwiftPackageProductDependency;
			package = F43CDA2A2719A681005947DC /* XCRemoteSwiftPackageReference "NativeUIKit" */;
			productName = NativeUIKit;
		};
		F43EFCF2271873A00084C460 /* SPPageController */ = {
			isa = XCSwiftPackageProductDependency;
			productName = SPPageController;
		};
		F43EFCF5271873B30084C460 /* SparrowKit */ = {
			isa = XCSwiftPackageProductDependency;
			package = F43EFCF4271873B30084C460 /* XCRemoteSwiftPackageReference "SparrowKit" */;
			productName = SparrowKit;
		};
/* End XCSwiftPackageProductDependency section */
	};
	rootObject = F43EFCCC27186FEA0084C460 /* Project object */;
}
